
Microsoft Visual Studio Solution File, Format Version 12.00
# Visual Studio 14
VisualStudioVersion = 14.0.25420.1
MinimumVisualStudioVersion = 10.0.40219.1
Project("{FAE04EC0-301F-11D3-BF4B-00C04F79EFBC}") = "MusicArchive", "MusicArchive\MusicArchive.csproj", "{559C8CB1-8748-4B1E-86BD-2A5434C4E1EA}"
EndProject
Global
	GlobalSection(SolutionConfigurationPlatforms) = preSolution
		Debug|Any CPU = Debug|Any CPU
		Release|Any CPU = Release|Any CPU
	EndGlobalSection
	GlobalSection(ProjectConfigurationPlatforms) = postSolution
		{559C8CB1-8748-4B1E-86BD-2A5434C4E1EA}.Debug|Any CPU.ActiveCfg = Debug|Any CPU
		{559C8CB1-8748-4B1E-86BD-2A5434C4E1EA}.Debug|Any CPU.Build.0 = Debug|Any CPU
		{559C8CB1-8748-4B1E-86BD-2A5434C4E1EA}.Release|Any CPU.ActiveCfg = Release|Any CPU
		{559C8CB1-8748-4B1E-86BD-2A5434C4E1EA}.Release|Any CPU.Build.0 = Release|Any CPU
	EndGlobalSection
	GlobalSection(SolutionProperties) = preSolution
		HideSolutionNode = FALSE
	EndGlobalSection
EndGlobal
